<Solution>
  <Folder Name="/SolutionFiles/">
    <File Path="Directory.Build.targets" />
  </Folder>
  <Folder Name="/Tests/">
    <Project Path="InventorySystem.Tests.Api/InventorySystem.Tests.Api.csproj" />
  </Folder>
  <Project Path="InventorySystem.Data/InventorySystem.Data.csproj" />
  <Project Path="InventorySystem/InventorySystem.csproj" />
</Solution>
